{
  "requires": true,
  "lockfileVersion": 1,
  "dependencies": {
    "react-content-loader": {
      "version": "6.2.0",
      "resolved": "https://registry.npmjs.org/react-content-loader/-/react-content-loader-6.2.0.tgz",
      "integrity": "sha512-r1dI6S+uHNLW68qraLE2njJYOuy6976PpCExuCZUcABWbfnF3FMcmuESRI8L4Bj45wnZ7n8g71hkPLzbma7/Cw=="
    }
  }
}
